cloud.google.com/go v0.34.0/go.mod h1:aQUYkXzVsufM+DwF1aE+0xfcU+56JwCaLick0ClmMTw=
github.com/BurntSushi/toml v0.3.1 h1:WXkYYl6Yr3qBf1K79EBnL4mak0OimBfB0XUf9Vl28OQ=
github.com/BurntSushi/toml v0.3.1/go.mod h1:xHWCNGjB5oqiDr8zfno3MHue2Ht5sIBksp03qcyfWMU=
github.com/Netflix/go-expect v0.0.0-20180615182759-c93bf25de8e8/go.mod h1:oX5x61PbNXchhh0oikYAH+4Pcfw5LKv21+Jnpr6r6Pc=
github.com/OpenPeeDeeP/depguard v0.0.0-20180806142446-a69c782687b2/go.mod h1:7/4sitnI9YlQgTLLk734QlzXT8DuHVnAyztLplQjk+o=
github.com/OpenPeeDeeP/depguard v0.0.0-20181229194401-1f388ab2d810 h1:pFks+oaqVWDFq0KsLQZFB2pQGB5Us0HfMSBENtieXOs=
github.com/OpenPeeDeeP/depguard v0.0.0-20181229194401-1f388ab2d810/go.mod h1:7/4sitnI9YlQgTLLk734QlzXT8DuHVnAyztLplQjk+o=
github.com/Songmu/retry v0.1.0 h1:hPA5xybQsksLR/ry/+t/7cFajPW+dqjmjhzZhioBILA=
github.com/Songmu/retry v0.1.0/go.mod h1:7sXIW7eseB9fq0FUvigRcQMVLR9tuHI0Scok+rkpAuA=
github.com/StackExchange/wmi v0.0.0-20180116203802-5d049714c4a6/go.mod h1:3eOhrUMpNV+6aFIbp5/iudMxNCF27Vw2OZgy4xEx0Fg=
github.com/StackExchange/wmi v0.0.0-20181212234831-e0a55b97c705/go.mod h1:3eOhrUMpNV+6aFIbp5/iudMxNCF27Vw2OZgy4xEx0Fg=
github.com/armon/consul-api v0.0.0-20180202201655-eb2c6b5be1b6/go.mod h1:grANhF5doyWs3UAsr3K4I6qtAmlQcZDesFNEHPZAzj8=
github.com/coreos/etcd v3.3.10+incompatible/go.mod h1:uF7uidLiAD3TWHmW31ZFd/JWoc32PjwdhPthX9715RE=
github.com/coreos/etcd v3.3.12+incompatible h1:pAWNwdf7QiT1zfaWyqCtNZQWCLByQyA3JrSQyuYAqnQ=
github.com/coreos/etcd v3.3.12+incompatible/go.mod h1:uF7uidLiAD3TWHmW31ZFd/JWoc32PjwdhPthX9715RE=
github.com/coreos/go-etcd v2.0.0+incompatible/go.mod h1:Jez6KQU2B/sWsbdaef3ED8NzMklzPG4d5KIOhIy30Tk=
github.com/coreos/go-semver v0.2.0 h1:3Jm3tLmsgAYcjC+4Up7hJrFBPr+n7rAqYeSw/SZazuY=
github.com/coreos/go-semver v0.2.0/go.mod h1:nnelYz7RCh+5ahJtPPxZlU+153eP4D4r3EedlOD2RNk=
github.com/davecgh/go-spew v1.1.0 h1:ZDRjVQ15GmhC3fiQ8ni8+OwkZQO4DARzQgrnXU1Liz8=
github.com/davecgh/go-spew v1.1.0/go.mod h1:J7Y8YcW2NihsgmVo/mv3lAwl/skON4iLHjSsI+c5H38=
github.com/davecgh/go-spew v1.1.1 h1:vj9j/u1bqnvCEfJOwUhtlOARqs3+rkHYY13jYWTU97c=
github.com/davecgh/go-spew v1.1.1/go.mod h1:J7Y8YcW2NihsgmVo/mv3lAwl/skON4iLHjSsI+c5H38=
github.com/dgrijalva/jwt-go v3.2.0+incompatible h1:7qlOGliEKZXTDg6OTjfoBKDXWrumCAMpl/TFQ4/5kLM=
github.com/dgrijalva/jwt-go v3.2.0+incompatible/go.mod h1:E3ru+11k8xSBh+hMPgOLZmtrrCbhqsmaPHjLKYnJCaQ=
github.com/etcd-io/etcd v3.3.12+incompatible h1:GE2oJ9OLY6GnSQ6u6Wl6e9gXsGnwYUsZqA6LeEYB6Xc=
github.com/etcd-io/etcd v3.3.12+incompatible/go.mod h1:cdZ77EstHBwVtD6iTgzgvogwcjo9m4iOqoijouPJ4bs=
github.com/facebookgo/atomicfile v0.0.0-20151019160806-2de1f203e7d5 h1:BBso6MBKW8ncyZLv37o+KNyy0HrrHgfnOaGQC2qvN+A=
github.com/facebookgo/atomicfile v0.0.0-20151019160806-2de1f203e7d5/go.mod h1:JpoxHjuQauoxiFMl1ie8Xc/7TfLuMZ5eOCONd1sUBHg=
github.com/facebookgo/pidfile v0.0.0-20150612191647-f242e2999868 h1:KZ75X3ZCl6yy4jg9R1ziYoCZFDBRqildm+fGComWU7U=
github.com/facebookgo/pidfile v0.0.0-20150612191647-f242e2999868/go.mod h1:3Hzo46xzfVpIdv4lJw7YBp9fUJ7HpUgbjH1fFDgy4qM=
github.com/fatih/color v1.6.0/go.mod h1:Zm6kSWBoL9eyXnKyktHP6abPY2pDugNf5KwzbycvMj4=
github.com/fatih/color v1.7.0 h1:DkWD4oS2D8LGGgTQ6IvwJJXSL5Vp2ffcQg58nFV38Ys=
github.com/fatih/color v1.7.0/go.mod h1:Zm6kSWBoL9eyXnKyktHP6abPY2pDugNf5KwzbycvMj4=
github.com/fsnotify/fsnotify v1.4.7 h1:IXs+QLmnXW2CcXuY+8Mzv/fWEsPGWxqefPtCP5CnV9I=
github.com/fsnotify/fsnotify v1.4.7/go.mod h1:jwhsz4b93w/PPRr/qN1Yymfu8t87LnFCMoQvtojpjFo=
github.com/git-chglog/git-chglog v0.0.0-20190223132836-86d67ce2f0b2 h1:IYMOO919B+ykEHwZwAKP/BWgiIoCxODFoluiTSqWbhc=
github.com/git-chglog/git-chglog v0.0.0-20190223132836-86d67ce2f0b2/go.mod h1:Dcsy1kii/xFyNad5JqY/d0GO5mu91sungp5xotbm3Yk=
github.com/go-critic/go-critic v0.0.0-20181204210945-ee9bf5809ead/go.mod h1:3MzXZKJdeXqdU9cj+rvZdNiN7SZ8V9OjybF8loZDmHU=
github.com/go-critic/go-critic v0.3.4 h1:FYaiaLjX0Nqei80KPhm4CyFQUBbmJwSrHxQ73taaGBc=
github.com/go-critic/go-critic v0.3.4/go.mod h1:AHR42Lk/E/aOznsrYdMYeIQS5RH10HZHSqP+rD6AJrc=
github.com/go-lintpack/lintpack v0.5.1/go.mod h1:NwZuYi2nUHho8XEIZ6SIxihrnPoqBTDqfpXvXAN0sXM=
github.com/go-lintpack/lintpack v0.5.2 h1:DI5mA3+eKdWeJ40nU4d6Wc26qmdG8RCi/btYq0TuRN0=
github.com/go-lintpack/lintpack v0.5.2/go.mod h1:NwZuYi2nUHho8XEIZ6SIxihrnPoqBTDqfpXvXAN0sXM=
github.com/go-ole/go-ole v1.2.1/go.mod h1:7FAglXiTm7HKlQRDeOQ6ZNUHidzCWXuZWq/1dTyBNF8=
github.com/go-ole/go-ole v1.2.4/go.mod h1:XCwSNxSkXRo4vlyPy93sltvi/qJq0jqQhjqQNIwKuxM=
github.com/go-playground/locales v0.12.1 h1:2FITxuFt/xuCNP1Acdhv62OzaCiviiE4kotfhkmOqEc=
github.com/go-playground/locales v0.12.1/go.mod h1:IUMDtCfWo/w/mtMfIE/IG2K+Ey3ygWanZIBtBW0W2TM=
github.com/go-playground/universal-translator v0.16.0 h1:X++omBR/4cE2MNg91AoC3rmGrCjJ8eAeUP/K/EKx4DM=
github.com/go-playground/universal-translator v0.16.0/go.mod h1:1AnU7NaIRDWWzGEKwgtJRd2xk99HeFyHw3yid4rvQIY=
github.com/go-toolsmith/astcast v0.0.0-20181028201508-b7a89ed70af1/go.mod h1:TEo3Ghaj7PsZawQHxT/oBvo4HK/sl1RcuUHDKTTju+o=
github.com/go-toolsmith/astcast v1.0.0 h1:JojxlmI6STnFVG9yOImLeGREv8W2ocNUM+iOhR6jE7g=
github.com/go-toolsmith/astcast v1.0.0/go.mod h1:mt2OdQTeAQcY4DQgPSArJjHCcOwlX+Wl/kwN+LbLGQ4=
github.com/go-toolsmith/astcopy v0.0.0-20180903214859-79b422d080c4/go.mod h1:c9CPdq2AzM8oPomdlPniEfPAC6g1s7NqZzODt8y6ib8=
github.com/go-toolsmith/astcopy v1.0.0 h1:OMgl1b1MEpjFQ1m5ztEO06rz5CUd3oBv9RF7+DyvdG8=
github.com/go-toolsmith/astcopy v1.0.0/go.mod h1:vrgyG+5Bxrnz4MZWPF+pI4R8h3qKRjjyvV/DSez4WVQ=
github.com/go-toolsmith/astequal v0.0.0-20180903214952-dcb477bfacd6/go.mod h1:H+xSiq0+LtiDC11+h1G32h7Of5O3CYFJ99GVbS5lDKY=
github.com/go-toolsmith/astequal v1.0.0 h1:4zxD8j3JRFNyLN46lodQuqz3xdKSrur7U/sr0SDS/gQ=
github.com/go-toolsmith/astequal v1.0.0/go.mod h1:H+xSiq0+LtiDC11+h1G32h7Of5O3CYFJ99GVbS5lDKY=
github.com/go-toolsmith/astfmt v0.0.0-20180903215011-8f8ee99c3086/go.mod h1:mP93XdblcopXwlyN4X4uodxXQhldPGZbcEJIimQHrkg=
github.com/go-toolsmith/astfmt v1.0.0 h1:A0vDDXt+vsvLEdbMFJAUBI/uTbRw1ffOPnxsILnFL6k=
github.com/go-toolsmith/astfmt v1.0.0/go.mod h1:cnWmsOAuq4jJY6Ct5YWlVLmcmLMn1JUPuQIHCY7CJDw=
github.com/go-toolsmith/astp v0.0.0-20180903215135-0af7e3c24f30/go.mod h1:SV2ur98SGypH1UjcPpCatrV5hPazG6+IfNHbkDXBRrk=
github.com/go-toolsmith/astp v1.0.0 h1:alXE75TXgcmupDsMK1fRAy0YUzLzqPVvBKoyWV+KPXg=
github.com/go-toolsmith/astp v1.0.0/go.mod h1:RSyrtpVlfTFGDYRbrjyWP1pYu//tSFcvdYrA8meBmLI=
github.com/go-toolsmith/pkgload v0.0.0-20181119091011-e9e65178eee8/go.mod h1:WoMrjiy4zvdS+Bg6z9jZH82QXwkcgCBX6nOfnmdaHks=
github.com/go-toolsmith/pkgload v1.0.0/go.mod h1:5eFArkbO80v7Z0kdngIxsRXRMTaX4Ilcwuh3clNrQJc=
github.com/go-toolsmith/strparse v0.0.0-20180903215201-830b6daa1241/go.mod h1:YI2nUKP9YGZnL/L1/DLFBfixrcjslWct4wyljWhSRy8=
github.com/go-toolsmith/strparse v1.0.0 h1:Vcw78DnpCAKlM20kSbAyO4mPfJn/lyYA4BJUDxe2Jb4=
github.com/go-toolsmith/strparse v1.0.0/go.mod h1:YI2nUKP9YGZnL/L1/DLFBfixrcjslWct4wyljWhSRy8=
github.com/go-toolsmith/typep v0.0.0-20181030061450-d63dc7650676/go.mod h1:JSQCQMUPdRlMZFswiq3TGpNp1GMktqkR2Ns5AIQkATU=
github.com/go-toolsmith/typep v1.0.0 h1:zKymWyA1TRYvqYrYDrfEMZULyrhcnGY3x7LDKU2XQaA=
github.com/go-toolsmith/typep v1.0.0/go.mod h1:JSQCQMUPdRlMZFswiq3TGpNp1GMktqkR2Ns5AIQkATU=
github.com/go-yaml/yaml v2.1.0+incompatible h1:RYi2hDdss1u4YE7GwixGzWwVo47T8UQwnTLB6vQiq+o=
github.com/go-yaml/yaml v2.1.0+incompatible/go.mod h1:w2MrLa16VYP0jy6N7M5kHaCkaLENm+P+Tv+MfurjSw0=
github.com/gobwas/glob v0.2.3 h1:A4xDbljILXROh+kObIiy5kIaPYD8e96x1tgBhUI5J+Y=
github.com/gobwas/glob v0.2.3/go.mod h1:d3Ez4x06l9bZtSvzIay5+Yzi0fmZzPgnTbPcKjJAkT8=
github.com/gogo/protobuf v1.1.1/go.mod h1:r8qH/GZQm5c6nD/R0oafs1akxWv10x8SbQlK7atdtwQ=
github.com/gogo/protobuf v1.2.1 h1:/s5zKNz0uPFCZ5hddgPdo2TK2TVrUNMn0OOX8/aZMTE=
github.com/gogo/protobuf v1.2.1/go.mod h1:hp+jE20tsWTFYpLwKvXlhS1hjn+gTNwPg2I6zVXpSg4=
github.com/golang/mock v1.1.1/go.mod h1:oTYuIxOrZwtPieC+H1uAHpcLFnEyAGVDL/k47Jfbm0A=
github.com/golang/mock v1.2.0 h1:28o5sBqPkBsMGnC6b4MvE2TzSr5/AT4c/1fLqVGIwlk=
github.com/golang/mock v1.2.0/go.mod h1:oTYuIxOrZwtPieC+H1uAHpcLFnEyAGVDL/k47Jfbm0A=
github.com/golang/protobuf v1.2.0/go.mod h1:6lQm79b+lXiMfvg/cZm0SGofjICqVBUtrP5yJMmIC1U=
github.com/golang/protobuf v1.3.1/go.mod h1:6lQm79b+lXiMfvg/cZm0SGofjICqVBUtrP5yJMmIC1U=
github.com/golangci/check v0.0.0-20180506172741-cfe4005ccda2 h1:23T5iq8rbUYlhpt5DB4XJkc6BU31uODLD1o1gKvZmD0=
github.com/golangci/check v0.0.0-20180506172741-cfe4005ccda2/go.mod h1:k9Qvh+8juN+UKMCS/3jFtGICgW8O96FVaZsaxdzDkR4=
github.com/golangci/dupl v0.0.0-20180902072040-3e9179ac440a h1:w8hkcTqaFpzKqonE9uMCefW1WDie15eSP/4MssdenaM=
github.com/golangci/dupl v0.0.0-20180902072040-3e9179ac440a/go.mod h1:ryS0uhF+x9jgbj/N71xsEqODy9BN81/GonCZiOzirOk=
github.com/golangci/errcheck v0.0.0-20181003203344-ef45e06d44b6/go.mod h1:DbHgvLiFKX1Sh2T1w8Q/h4NAI8MHIpzCdnBUDTXU3I0=
github.com/golangci/errcheck v0.0.0-20181223084120-ef45e06d44b6 h1:YYWNAGTKWhKpcLLt7aSj/odlKrSrelQwlovBpDuf19w=
github.com/golangci/errcheck v0.0.0-20181223084120-ef45e06d44b6/go.mod h1:DbHgvLiFKX1Sh2T1w8Q/h4NAI8MHIpzCdnBUDTXU3I0=
github.com/golangci/go-misc v0.0.0-20180628070357-927a3d87b613 h1:9kfjN3AdxcbsZBf8NjltjWihK2QfBBBZuv91cMFfDHw=
github.com/golangci/go-misc v0.0.0-20180628070357-927a3d87b613/go.mod h1:SyvUF2NxV+sN8upjjeVYr5W7tyxaT1JVtvhKhOn2ii8=
github.com/golangci/go-tools v0.0.0-20180109140146-35a9f45a5db0/go.mod h1:unzUULGw35sjyOYjUt0jMTXqHlZPpPc6e+xfO4cd6mM=
github.com/golangci/go-tools v0.0.0-20190124090046-35a9f45a5db0 h1:MRhC9XbUjE6XDOInSJ8pwHuPagqsyO89QDU9IdVhe3o=
github.com/golangci/go-tools v0.0.0-20190124090046-35a9f45a5db0/go.mod h1:unzUULGw35sjyOYjUt0jMTXqHlZPpPc6e+xfO4cd6mM=
github.com/golangci/goconst v0.0.0-20180610141641-041c5f2b40f3 h1:pe9JHs3cHHDQgOFXJJdYkK6fLz2PWyYtP4hthoCMvs8=
github.com/golangci/goconst v0.0.0-20180610141641-041c5f2b40f3/go.mod h1:JXrF4TWy4tXYn62/9x8Wm/K/dm06p8tCKwFRDPZG/1o=
github.com/golangci/gocyclo v0.0.0-20180528134321-2becd97e67ee/go.mod h1:ozx7R9SIwqmqf5pRP90DhR2Oay2UIjGuKheCBCNwAYU=
github.com/golangci/gocyclo v0.0.0-20180528144436-0a533e8fa43d h1:pXTK/gkVNs7Zyy7WKgLXmpQ5bHTrq5GDsp8R9Qs67g0=
github.com/golangci/gocyclo v0.0.0-20180528144436-0a533e8fa43d/go.mod h1:ozx7R9SIwqmqf5pRP90DhR2Oay2UIjGuKheCBCNwAYU=
github.com/golangci/gofmt v0.0.0-20181105071733-0b8337e80d98/go.mod h1:9qCChq59u/eW8im404Q2WWTrnBUQKjpNYKMbU4M7EFU=
github.com/golangci/gofmt v0.0.0-20181222123516-0b8337e80d98 h1:0OkFarm1Zy2CjCiDKfK9XHgmc2wbDlRMD2hD8anAJHU=
github.com/golangci/gofmt v0.0.0-20181222123516-0b8337e80d98/go.mod h1:9qCChq59u/eW8im404Q2WWTrnBUQKjpNYKMbU4M7EFU=
github.com/golangci/golangci-lint v1.15.0 h1:Cvf5J2U5C5kAHSXxyLRJ38/OqdJbiU7SAJRYvWgO/b0=
github.com/golangci/golangci-lint v1.15.0/go.mod h1:iEsyA2h6yMxPzFAlb/Q9UuXBrXIDtXkbUoukuqUAX/8=
github.com/golangci/gosec v0.0.0-20180901114220-66fb7fc33547/go.mod h1:0qUabqiIQgfmlAmulqxyiGkkyF6/tOGSnY2cnPVwrzU=
github.com/golangci/gosec v0.0.0-20180901114220-8afd9cbb6cfb h1:Bi7BYmZVg4C+mKGi8LeohcP2GGUl2XJD4xCkJoZSaYc=
github.com/golangci/gosec v0.0.0-20180901114220-8afd9cbb6cfb/go.mod h1:ON/c2UR0VAAv6ZEAFKhjCLplESSmRFfZcDLASbI1GWo=
github.com/golangci/govet v0.0.0-20180818181408-44ddbe260190 h1:SLIgprnxQNjBpkz55PK1vfb64/gKU/TgVi0obFw8Lec=
github.com/golangci/govet v0.0.0-20180818181408-44ddbe260190/go.mod h1:pPwb+AK755h3/r73avHz5bEN6sa51/2HEZlLaV53hCo=
github.com/golangci/ineffassign v0.0.0-20180808204949-2ee8f2867dde h1:qEGp3ZF1Qw6TkbWKn6GdJ12Ssu/CpJBaBcJ4hrUjrSo=
github.com/golangci/ineffassign v0.0.0-20180808204949-2ee8f2867dde/go.mod h1:e5tpTHCfVze+7EpLEozzMB3eafxo2KT5veNg1k6byQU=
github.com/golangci/lint-1 v0.0.0-20180610141402-4bf9709227d1/go.mod h1:/X8TswGSh1pIozq4ZwCfxS0WA5JGXguxk94ar/4c87Y=
github.com/golangci/lint-1 v0.0.0-20181222135242-d2cdd8c08219 h1:utua3L2IbQJmauC5IXdEA547bcoU5dozgQAfc8Onsg4=
github.com/golangci/lint-1 v0.0.0-20181222135242-d2cdd8c08219/go.mod h1:/X8TswGSh1pIozq4ZwCfxS0WA5JGXguxk94ar/4c87Y=
github.com/golangci/maligned v0.0.0-20180506175553-b1d89398deca h1:kNY3/svz5T29MYHubXix4aDDuE3RWHkPvopM/EDv/MA=
github.com/golangci/maligned v0.0.0-20180506175553-b1d89398deca/go.mod h1:tvlJhZqDe4LMs4ZHD0oMUlt9G2LWuDGoisJTBzLMV9o=
github.com/golangci/misspell v0.0.0-20180809174111-950f5d19e770 h1:EL/O5HGrF7Jaq0yNhBLucz9hTuRzj2LdwGBOaENgxIk=
github.com/golangci/misspell v0.0.0-20180809174111-950f5d19e770/go.mod h1:dEbvlSfYbMQDtrpRMQU675gSDLDNa8sCPPChZ7PhiVA=
github.com/golangci/prealloc v0.0.0-20180630174525-215b22d4de21 h1:leSNB7iYzLYSSx3J/s5sVf4Drkc68W2wm4Ixh/mr0us=
github.com/golangci/prealloc v0.0.0-20180630174525-215b22d4de21/go.mod h1:tf5+bzsHdTM0bsB7+8mt0GUMvjCgwLpTapNZHU8AajI=
github.com/golangci/revgrep v0.0.0-20180526074752-d9c87f5ffaf0/go.mod h1:qOQCunEYvmd/TLamH+7LlVccLvUH5kZNhbCgTHoBbp4=
github.com/golangci/revgrep v0.0.0-20180812185044-276a5c0a1039 h1:XQKc8IYQOeRwVs36tDrEmTgDgP88d5iEURwpmtiAlOM=
github.com/golangci/revgrep v0.0.0-20180812185044-276a5c0a1039/go.mod h1:qOQCunEYvmd/TLamH+7LlVccLvUH5kZNhbCgTHoBbp4=
github.com/golangci/unconvert v0.0.0-20180507085042-28b1c447d1f4 h1:zwtduBRr5SSWhqsYNgcuWO2kFlpdOZbP0+yRjmvPGys=
github.com/golangci/unconvert v0.0.0-20180507085042-28b1c447d1f4/go.mod h1:Izgrg8RkN3rCIMLGE9CyYmU9pY2Jer6DgANEnZ/L/cQ=
github.com/google/go-cmp v0.2.0/go.mod h1:oXzfMopK8JAjlY9xF4vHSVASa0yLyX7SntLO5aqRK0M=
github.com/google/go-github v17.0.0+incompatible h1:N0LgJ1j65A7kfXrZnUDaYCs/Sf4rEjNlfyDHW9dolSY=
github.com/google/go-github v17.0.0+incompatible/go.mod h1:zLgOLi98H3fifZn+44m+umXrS52loVEgC2AApnigrVQ=
github.com/google/go-querystring v1.0.0 h1:Xkwi/a1rcvNg1PPYe5vI8GbeBY/jrVuDX5ASuANWTrk=
github.com/google/go-querystring v1.0.0/go.mod h1:odCYkC5MyYFN7vkCjXpyrEuKhc/BUO6wN/zVPAxq5ck=
github.com/hashicorp/go-version v1.1.0 h1:bPIoEKD27tNdebFGGxxYwcL4nepeY4j1QP23PFRGzg0=
github.com/hashicorp/go-version v1.1.0/go.mod h1:fltr4n8CU8Ke44wwGCBoEymUuxUHl09ZGVZPK5anwXA=
github.com/hashicorp/hcl v0.0.0-20180404174102-ef8a98b0bbce/go.mod h1:oZtUIOe8dh44I2q6ScRibXws4Ajl+d+nod3AaR9vL5w=
github.com/hashicorp/hcl v1.0.0 h1:0Anlzjpi4vEasTeNFn2mLJgTSwt0+6sfsiTG8qcWGx4=
github.com/hashicorp/hcl v1.0.0/go.mod h1:E5yfLk+7swimpb2L/Alb/PJmXilQ/rhwaUYs4T20WEQ=
github.com/hinshun/vt10x v0.0.0-20180616224451-1954e6464174/go.mod h1:DqJ97dSdRW1W22yXSB90986pcOyQ7r45iio1KN2ez1A=
github.com/hpcloud/tail v1.0.0/go.mod h1:ab1qPbhIpdTxEkNHXyeSf5vhxWSCs/tWer42PpOxQnU=
github.com/imdario/mergo v0.3.7 h1:Y+UAYTZ7gDEuOfhxKWy+dvb5dRQ6rJjFSdX2HZY1/gI=
github.com/imdario/mergo v0.3.7/go.mod h1:2EnlNZ0deacrJVfApfmtdGgDfMuh/nq6Ok1EcJh5FfA=
github.com/inconshreveable/mousetrap v1.0.0/go.mod h1:PxqpIevigyE2G7u3NXJIT2ANytuPF1OarO4DADm73n8=
github.com/k0kubun/pp v3.0.0+incompatible h1:I00lq/ALERE8g5dW2th1jnjtJ/J4vautUNyHR3IRj7c=
github.com/k0kubun/pp v3.0.0+incompatible/go.mod h1:GWse8YhT0p8pT4ir3ZgBbfZild3tgzSScAn6HmfYukg=
github.com/kballard/go-shellquote v0.0.0-20180428030007-95032a82bc51 h1:Z9n2FFNUXsshfwJMBgNA0RU6/i7WVaAegv3PtuIHPMs=
github.com/kballard/go-shellquote v0.0.0-20180428030007-95032a82bc51/go.mod h1:CzGEWj7cYgsdH8dAjBGEr58BoE7ScuLd+fwFZ44+/x8=
github.com/kisielk/errcheck v1.1.0/go.mod h1:EZBBE59ingxPouuu3KfxchcWSUPOHkagtvWXihfKN4Q=
github.com/kisielk/errcheck v1.2.0/go.mod h1:/BMXB+zMLi60iA8Vv6Ksmxu/1UDYcXs4uQLJ+jE2L00=
github.com/kisielk/gotool v0.0.0-20161130080628-0de1eaf82fa3/go.mod h1:jxZFDH7ILpTPQTk+E2s+z4CUas9lVNjIuKR4c5/zKgM=
github.com/kisielk/gotool v1.0.0 h1:AV2c/EiW3KqPNT9ZKl07ehoAGi4C5/01Cfbblndcapg=
github.com/kisielk/gotool v1.0.0/go.mod h1:XhKaO+MFFWcvkIS/tQcRk01m1F5IRFswLeQ+oQHNcck=
github.com/konsorten/go-windows-terminal-sequences v1.0.1/go.mod h1:T0+1ngSBFLxvqU3pZ+m/2kptfBszLMUkC4ZK/EgS/cQ=
github.com/konsorten/go-windows-terminal-sequences v1.0.2/go.mod h1:T0+1ngSBFLxvqU3pZ+m/2kptfBszLMUkC4ZK/EgS/cQ=
github.com/kr/pretty v0.1.0/go.mod h1:dAy3ld7l9f0ibDNOQOHHMYYIIbhfbHSm3C4ZsoJORNo=
github.com/kr/pty v1.1.1/go.mod h1:pFQYn66WHrOpPYNljwOMqo10TkYh1fy3cYio2l3bCsQ=
github.com/kr/pty v1.1.4/go.mod h1:pFQYn66WHrOpPYNljwOMqo10TkYh1fy3cYio2l3bCsQ=
github.com/kr/text v0.1.0/go.mod h1:4Jbv+DJW3UT/LiOwJeYQe1efqtUx/iVham/4vfdArNI=
github.com/labstack/echo v3.3.10+incompatible h1:pGRcYk231ExFAyoAjAfD85kQzRJCRI8bbnE7CX5OEgg=
github.com/labstack/echo v3.3.10+incompatible/go.mod h1:0INS7j/VjnFxD4E2wkz67b8cVwCLbBmJyDaka6Cmk1s=
github.com/labstack/gommon v0.2.8 h1:JvRqmeZcfrHC5u6uVleB4NxxNbzx6gpbJiQknDbKQu0=
github.com/labstack/gommon v0.2.8/go.mod h1:/tj9csK2iPSBvn+3NLM9e52usepMtrd5ilFYA+wQNJ4=
github.com/leodido/go-urn v1.1.0 h1:Sm1gr51B1kKyfD2BlRcLSiEkffoG96g6TPv6eRoEiB8=
github.com/leodido/go-urn v1.1.0/go.mod h1:+cyI34gQWZcE1eQU7NVgKkkzdXDQHr1dBMtdAPozLkw=
github.com/lestrrat/go-server-starter v0.0.0-20180220115249-6ac0b358431b h1:Ial71qYQufttbgLhmAAAgf4Y+p9KRKYklAoE9a8rXOA=
github.com/lestrrat/go-server-starter v0.0.0-20180220115249-6ac0b358431b/go.mod h1:3T+o9dIpjId0dpv2Aa7+HivBIW9h9nra0VuN5ARP/ec=
github.com/lib/pq v1.0.0 h1:X5PMW56eZitiTeO7tKzZxFCSpbFZJtkMMooicw2us9A=
github.com/lib/pq v1.0.0/go.mod h1:5WUZQaWbwv1U+lTReE5YruASi9Al49XbQIvNi/34Woo=
github.com/logrusorgru/aurora v0.0.0-20181002194514-a7b3b318ed4e/go.mod h1:7rIyQOR62GCctdiQpZ/zOJlFyk6y+94wXzv6RNZgaR4=
github.com/magiconair/properties v1.7.6/go.mod h1:PppfXfuXeibc/6YijjN8zIbojt8czPbwD3XqdrwzmxQ=
github.com/magiconair/properties v1.8.0 h1:LLgXmsheXeRoUOBOjtwPQCWIYqM/LU1ayDtDePerRcY=
github.com/magiconair/properties v1.8.0/go.mod h1:PppfXfuXeibc/6YijjN8zIbojt8czPbwD3XqdrwzmxQ=
github.com/mattn/go-colorable v0.0.9/go.mod h1:9vuHe8Xs5qXnSaW/c/ABM9alt+Vo+STaOChaDxuIBZU=
github.com/mattn/go-colorable v0.1.1 h1:G1f5SKeVxmagw/IyvzvtZE4Gybcc4Tr1tf7I8z0XgOg=
github.com/mattn/go-colorable v0.1.1/go.mod h1:FuOcm+DKB9mbwrcAfNl7/TZVBZ6rcnceauSikq3lYCQ=
github.com/mattn/go-isatty v0.0.3/go.mod h1:M+lRXTBqGeGNdLjl/ufCoiOlB5xdOkqRJdNxMWT7Zi4=
github.com/mattn/go-isatty v0.0.5/go.mod h1:Iq45c/XA43vh69/j3iqttzPXn0bhXyGjM0Hdxcsrc5s=
github.com/mattn/go-isatty v0.0.7 h1:UvyT9uN+3r7yLEYSlJsbQGdsaB/a0DlgWP3pql6iwOc=
github.com/mattn/go-isatty v0.0.7/go.mod h1:Iq45c/XA43vh69/j3iqttzPXn0bhXyGjM0Hdxcsrc5s=
github.com/mattn/goveralls v0.0.2/go.mod h1:8d1ZMHsd7fW6IRPKQh46F2WRpyib5/X4FOpevwGNQEw=
github.com/mgutz/ansi v0.0.0-20170206155736-9520e82c474b h1:j7+1HpAFS1zy5+Q4qx1fWh90gTKwiN4QCGoY9TWyyO4=
github.com/mgutz/ansi v0.0.0-20170206155736-9520e82c474b/go.mod h1:01TrycV0kFyexm33Z7vhZRXopbI8J3TDReVlkTgMUxE=
github.com/mitchellh/colorstring v0.0.0-20190213212951-d06e56a500db h1:62I3jR2EmQ4l5rM/4FEfDWcRD+abF5XlKShorW5LRoQ=
github.com/mitchellh/colorstring v0.0.0-20190213212951-d06e56a500db/go.mod h1:l0dey0ia/Uv7NcFFVbCLtqEBQbrT4OCwCSKTEv6enCw=
github.com/mitchellh/go-homedir v1.0.0/go.mod h1:SfyaCUpYCn1Vlf4IUYiD9fPX4A5wJrkLzIz1N1q0pr0=
github.com/mitchellh/go-homedir v1.1.0 h1:lukF9ziXFxDFPkA1vsr5zpc1XuPDn/wFntq5mG+4E0Y=
github.com/mitchellh/go-homedir v1.1.0/go.mod h1:SfyaCUpYCn1Vlf4IUYiD9fPX4A5wJrkLzIz1N1q0pr0=
github.com/mitchellh/go-ps v0.0.0-20170309133038-4fdf99ab2936/go.mod h1:r1VsdOzOPt1ZSrGZWFoNhsAedKnEd6r9Np1+5blZCWk=
github.com/mitchellh/mapstructure v0.0.0-20180220230111-00c29f56e238/go.mod h1:FVVH3fgwuzCH5S8UJGiWEs2h04kUh9fWfEaFds41c1Y=
github.com/mitchellh/mapstructure v1.0.0/go.mod h1:FVVH3fgwuzCH5S8UJGiWEs2h04kUh9fWfEaFds41c1Y=
github.com/mitchellh/mapstructure v1.1.2 h1:fmNYVwqnSfB9mZU6OS2O6GsXM+wcskZDuKQzvN1EDeE=
github.com/mitchellh/mapstructure v1.1.2/go.mod h1:FVVH3fgwuzCH5S8UJGiWEs2h04kUh9fWfEaFds41c1Y=
github.com/mozilla/tls-observatory v0.0.0-20180409132520-8791a200eb40/go.mod h1:SrKMQvPiws7F7iqYp8/TX+IhxCYhzr6N/1yb8cwHsGk=
github.com/mozilla/tls-observatory v0.0.0-20190313211306-43961c0c7a1f/go.mod h1:SrKMQvPiws7F7iqYp8/TX+IhxCYhzr6N/1yb8cwHsGk=
github.com/nbutton23/zxcvbn-go v0.0.0-20160627004424-a22cb81b2ecd/go.mod h1:o96djdrsSGy3AWPyBgZMAGfxZNfgntdJG+11KU4QvbU=
github.com/nbutton23/zxcvbn-go v0.0.0-20171102151520-eafdab6b0663/go.mod h1:o96djdrsSGy3AWPyBgZMAGfxZNfgntdJG+11KU4QvbU=
github.com/nbutton23/zxcvbn-go v0.0.0-20180912185939-ae427f1e4c1d h1:AREM5mwr4u1ORQBMvzfzBgpsctsbQikCVpvC+tX285E=
github.com/nbutton23/zxcvbn-go v0.0.0-20180912185939-ae427f1e4c1d/go.mod h1:o96djdrsSGy3AWPyBgZMAGfxZNfgntdJG+11KU4QvbU=
github.com/nmcclain/asn1-ber v0.0.0-20170104154839-2661553a0484 h1:D9EvfGQvlkKaDr2CRKN++7HbSXbefUNDrPq60T+g24s=
github.com/nmcclain/asn1-ber v0.0.0-20170104154839-2661553a0484/go.mod h1:O1EljZ+oHprtxDDPHiMWVo/5dBT6PlvWX5PSwj80aBA=
github.com/nmcclain/ldap v0.0.0-20160601145537-6e14e8271933 h1:0Fd8aTYHbLx4Wx2aT048Z8KT93VgzY9XmCV6DjHFDPw=
github.com/nmcclain/ldap v0.0.0-20160601145537-6e14e8271933/go.mod h1:YtrVB1/v9Td9SyjXpjYVmbdKgj9B0nPTBsdGUxy0i8U=
github.com/onsi/ginkgo v0.0.0-20170829012221-11459a886d9c/go.mod h1:lLunBs/Ym6LB5Z9jYTR76FiuTmxDTDusOGeTQH+WWjE=
github.com/onsi/ginkgo v1.6.0/go.mod h1:lLunBs/Ym6LB5Z9jYTR76FiuTmxDTDusOGeTQH+WWjE=
github.com/onsi/ginkgo v1.8.0/go.mod h1:lLunBs/Ym6LB5Z9jYTR76FiuTmxDTDusOGeTQH+WWjE=
github.com/onsi/gomega v0.0.0-20170829124025-dcabb60a477c/go.mod h1:C1qb7wdrVGGVU+Z6iS04AVkA3Q65CEZX59MT0QO5uiA=
github.com/onsi/gomega v1.4.2/go.mod h1:ex+gbHU/CVuBBDIJjb2X0qEXbFg53c61hWP/1CpauHY=
github.com/onsi/gomega v1.5.0/go.mod h1:ex+gbHU/CVuBBDIJjb2X0qEXbFg53c61hWP/1CpauHY=
github.com/pelletier/go-toml v1.1.0/go.mod h1:5z9KED0ma1S8pY6P1sdut58dfprrGBbd/94hg7ilaic=
github.com/pelletier/go-toml v1.2.0 h1:T5zMGML61Wp+FlcbWjRDT7yAxhJNAiPPLOFECq181zc=
github.com/pelletier/go-toml v1.2.0/go.mod h1:5z9KED0ma1S8pY6P1sdut58dfprrGBbd/94hg7ilaic=
github.com/pkg/errors v0.8.0/go.mod h1:bwawxfHBFNV+L2hUp1rHADufV3IMtnDRdf1r5NINEl0=
github.com/pkg/errors v0.8.1 h1:iURUrRGxPUNPdy5/HRSm+Yj6okJ6UtLINN0Q9M4+h3I=
github.com/pkg/errors v0.8.1/go.mod h1:bwawxfHBFNV+L2hUp1rHADufV3IMtnDRdf1r5NINEl0=
github.com/pmezard/go-difflib v1.0.0 h1:4DBwDE0NGyQoBHbLQYPwSUPoCMWR5BEzIk/f1lZbAQM=
github.com/pmezard/go-difflib v1.0.0/go.mod h1:iKH77koFhYxTK1pcRnkKkqfTogsbg7gZNVY4sRDYZ/4=
github.com/rogpeppe/go-internal v1.1.0/go.mod h1:M8bDsm7K2OlrFYOpmOWEs/qY81heoFRclV5y23lUDJ4=
github.com/rogpeppe/go-internal v1.2.1/go.mod h1:M8bDsm7K2OlrFYOpmOWEs/qY81heoFRclV5y23lUDJ4=
github.com/rogpeppe/go-internal v1.2.2/go.mod h1:M8bDsm7K2OlrFYOpmOWEs/qY81heoFRclV5y23lUDJ4=
github.com/ryanuber/go-glob v0.0.0-20170128012129-256dc444b735/go.mod h1:807d1WSdnB0XRJzKNil9Om6lcp/3a0v4qIHxIXzX/Yc=
github.com/ryanuber/go-glob v1.0.0/go.mod h1:807d1WSdnB0XRJzKNil9Om6lcp/3a0v4qIHxIXzX/Yc=
github.com/shirou/gopsutil v0.0.0-20180427012116-c95755e4bcd7/go.mod h1:5b4v6he4MtMOwMlS0TUMTu2PcXUg8+E1lC7eC3UO/RA=
github.com/shirou/gopsutil v2.18.12+incompatible/go.mod h1:5b4v6he4MtMOwMlS0TUMTu2PcXUg8+E1lC7eC3UO/RA=
github.com/shirou/w32 v0.0.0-20160930032740-bb4de0191aa4/go.mod h1:qsXQc7+bwAM3Q1u/4XEfrquwF8Lw7D7y5cD8CuHnfIc=
github.com/shurcooL/go v0.0.0-20180423040247-9e1955d9fb6e/go.mod h1:TDJrrUr11Vxrven61rcy3hJMUqaf/CLWYhHNPmT14Lk=
github.com/shurcooL/go v0.0.0-20190121191506-3fef8c783dec/go.mod h1:TDJrrUr11Vxrven61rcy3hJMUqaf/CLWYhHNPmT14Lk=
github.com/shurcooL/go-goon v0.0.0-20170922171312-37c2f522c041/go.mod h1:N5mDOmsrJOB+vfqUK+7DmDyjhSLIIBnXo9lvZJj3MWQ=
github.com/sirupsen/logrus v1.0.5/go.mod h1:pMByvHTf9Beacp5x1UXfOR9xyW/9antXMhjMPG0dEzc=
github.com/sirupsen/logrus v1.4.0 h1:yKenngtzGh+cUSSh6GWbxW2abRqhYUSR/t/6+2QqNvE=
github.com/sirupsen/logrus v1.4.0/go.mod h1:LxeOpSwHxABJmUn/MG1IvRgCAasNZTLOkJPxbbu5VWo=
github.com/spf13/afero v1.1.0/go.mod h1:j4pytiNVoe2o6bmDsKpLACNPDBIoEAkihy7loJ1B0CQ=
github.com/spf13/afero v1.1.2/go.mod h1:j4pytiNVoe2o6bmDsKpLACNPDBIoEAkihy7loJ1B0CQ=
github.com/spf13/afero v1.2.2 h1:5jhuqJyZCZf2JRofRvN/nIFgIWNzPa3/Vz8mYylgbWc=
github.com/spf13/afero v1.2.2/go.mod h1:9ZxEEn6pIJ8Rxe320qSDBk6AsU0r9pR7Q4OcevTdifk=
github.com/spf13/cast v1.2.0/go.mod h1:r2rcYCSwa1IExKTDiTfzaxqT2FNHs8hODu4LnUfgKEg=
github.com/spf13/cast v1.3.0 h1:oget//CVOEoFewqQxwr0Ej5yjygnqGkvggSE/gB35Q8=
github.com/spf13/cast v1.3.0/go.mod h1:Qx5cxh0v+4UWYiBimWS+eyWzqEqokIECu5etghLkUJE=
github.com/spf13/cobra v0.0.2/go.mod h1:1l0Ry5zgKvJasoi3XT1TypsSe7PqH0Sj9dhYf7v3XqQ=
github.com/spf13/cobra v0.0.3 h1:ZlrZ4XsMRm04Fr5pSFxBgfND2EBVa1nLpiy1stUsX/8=
github.com/spf13/cobra v0.0.3/go.mod h1:1l0Ry5zgKvJasoi3XT1TypsSe7PqH0Sj9dhYf7v3XqQ=
github.com/spf13/jwalterweatherman v0.0.0-20180109140146-7c0cea34c8ec/go.mod h1:cQK4TGJAtQXfYWX+Ddv3mKDzgVb68N+wFjFa4jdeBTo=
github.com/spf13/jwalterweatherman v1.0.0/go.mod h1:cQK4TGJAtQXfYWX+Ddv3mKDzgVb68N+wFjFa4jdeBTo=
github.com/spf13/jwalterweatherman v1.1.0 h1:ue6voC5bR5F8YxI5S67j9i582FU4Qvo2bmqnqMYADFk=
github.com/spf13/jwalterweatherman v1.1.0/go.mod h1:aNWZUN0dPAAO/Ljvb5BEdw96iTZ0EXowPYD95IqWIGo=
github.com/spf13/pflag v1.0.1/go.mod h1:DYY7MBk1bdzusC3SYhjObp+wFpr4gzcvqqNjLnInEg4=
github.com/spf13/pflag v1.0.2/go.mod h1:DYY7MBk1bdzusC3SYhjObp+wFpr4gzcvqqNjLnInEg4=
github.com/spf13/pflag v1.0.3 h1:zPAT6CGy6wXeQ7NtTnaTerfKOsV6V6F8agHXFiazDkg=
github.com/spf13/pflag v1.0.3/go.mod h1:DYY7MBk1bdzusC3SYhjObp+wFpr4gzcvqqNjLnInEg4=
github.com/spf13/viper v1.0.2/go.mod h1:A8kyI5cUJhb8N+3pkfONlcEcZbueH6nhAm0Fq7SrnBM=
github.com/spf13/viper v1.2.1/go.mod h1:P4AexN0a+C9tGAnUFNwDMYYZv3pjFuvmeiMyKRaNVlI=
github.com/spf13/viper v1.3.0/go.mod h1:ZiWeW+zYFKm7srdB9IoDzzZXaJaI5eL9QjNiN/DMA2s=
github.com/spf13/viper v1.3.1/go.mod h1:ZiWeW+zYFKm7srdB9IoDzzZXaJaI5eL9QjNiN/DMA2s=
github.com/spf13/viper v1.3.2 h1:VUFqw5KcqRf7i70GOzW7N+Q7+gxVBkSSqiXB12+JQ4M=
github.com/spf13/viper v1.3.2/go.mod h1:ZiWeW+zYFKm7srdB9IoDzzZXaJaI5eL9QjNiN/DMA2s=
github.com/stretchr/objx v0.1.0/go.mod h1:HFkY916IF+rwdDfMAkV7OtwuqBVzrE8GR6GFx+wExME=
github.com/stretchr/objx v0.1.1/go.mod h1:HFkY916IF+rwdDfMAkV7OtwuqBVzrE8GR6GFx+wExME=
github.com/stretchr/testify v1.2.1/go.mod h1:a8OnRcib4nhh0OaRAV+Yts87kKdq0PP7pXfy6kDkUVs=
github.com/stretchr/testify v1.2.2/go.mod h1:a8OnRcib4nhh0OaRAV+Yts87kKdq0PP7pXfy6kDkUVs=
github.com/stretchr/testify v1.3.0 h1:TivCn/peBQ7UY8ooIcPgZFpTNSz0Q2U6UrFlUfqbe0Q=
github.com/stretchr/testify v1.3.0/go.mod h1:M5WIy9Dh21IEIfnGCwXGc5bZfKNJtfHm1UVUgZn+9EI=
github.com/tcnksm/ghr v0.12.0 h1:3dbJOU5/Nr6C1HeBWwOIvMsVt4/eOg2EQDAg11H0Y0Y=
github.com/tcnksm/ghr v0.12.0/go.mod h1:2YSVCxP2GsVRnE6R3bZxEiVnpJ9GUkotqlq2No0kTMU=
github.com/tcnksm/go-gitconfig v0.1.2 h1:iiDhRitByXAEyjgBqsKi9QU4o2TNtv9kPP3RgPgXBPw=
github.com/tcnksm/go-gitconfig v0.1.2/go.mod h1:/8EhP4H7oJZdIPyT+/UIsG87kTzrzM4UsLGSItWYCpE=
github.com/tcnksm/go-latest v0.0.0-20170313132115-e3007ae9052e h1:IWllFTiDjjLIf2oeKxpIUmtiDV5sn71VgeQgg6vcE7k=
github.com/tcnksm/go-latest v0.0.0-20170313132115-e3007ae9052e/go.mod h1:d7u6HkTYKSv5m6MCKkOQlHwaShTMl3HjqSGW3XtVhXM=
github.com/tredoe/osutil v0.0.0-20161130133508-7d3ee1afa71c h1:5q7IHeqvAA4hWR1CfpTOS7RFsTDC36TaSZ8Dvc00bPk=
github.com/tredoe/osutil v0.0.0-20161130133508-7d3ee1afa71c/go.mod h1:M/I710pXKQToMdqt/D+mJ4QsnW6WDaajyB6DWFmDXBs=
github.com/tsuyoshiwada/go-gitcmd v0.0.0-20180205145712-5f1f5f9475df h1:Y2l28Jr3vOEeYtxfVbMtVfOdAwuUqWaP9fvNKiBVeXY=
github.com/tsuyoshiwada/go-gitcmd v0.0.0-20180205145712-5f1f5f9475df/go.mod h1:pnyouUty/nBr/zm3GYwTIt+qFTLWbdjeLjZmJdzJOu8=
github.com/ugorji/go v1.1.1 h1:gmervu+jDMvXTbcHQ0pd2wee85nEoE0BsVyEuzkfK8w=
github.com/ugorji/go v1.1.1/go.mod h1:hnLbHMwcvSihnDhEfx2/BzKp2xb0Y+ErdfYcrs9tkJQ=
github.com/ugorji/go v1.1.2 h1:JON3E2/GPW2iDNGoSAusl1KDf5TRQ8k8q7Tp097pZGs=
github.com/ugorji/go v1.1.2/go.mod h1:hnLbHMwcvSihnDhEfx2/BzKp2xb0Y+ErdfYcrs9tkJQ=
github.com/ugorji/go/codec v0.0.0-20181204163529-d75b2dcb6bc8 h1:3SVOIvH7Ae1KRYyQWRjXWJEA9sS/c/pjvH++55Gr648=
github.com/ugorji/go/codec v0.0.0-20181204163529-d75b2dcb6bc8/go.mod h1:VFNgLljTbGfSG7qAOspJ7OScBnGdDN/yBr0sguwnwf0=
github.com/ugorji/go/codec v0.0.0-20190320090025-2dc34c0b8780 h1:vG/gY/PxA3v3l04qxe3tDjXyu3bozii8ulSlIPOYKhI=
github.com/ugorji/go/codec v0.0.0-20190320090025-2dc34c0b8780/go.mod h1:iT03XoTwV7xq/+UGwKO3UbC1nNNlopQiY61beSdrtOA=
github.com/urfave/cli v1.20.0 h1:fDqGv3UG/4jbVl/QkFwEdddtEDjh/5Ov6X+0B/3bPaw=
github.com/urfave/cli v1.20.0/go.mod h1:70zkFmudgCuE/ngEzBv17Jvp/497gISqfk5gWijbERA=
github.com/valyala/bytebufferpool v1.0.0 h1:GqA5TC/0021Y/b9FG4Oi9Mr3q7XYx6KllzawFIhcdPw=
github.com/valyala/bytebufferpool v1.0.0/go.mod h1:6bBcMArwyJ5K/AmCkWv1jt77kVWyCJ6HpOuEn7z0Csc=
github.com/valyala/fasttemplate v1.0.1 h1:tY9CJiPnMXf1ERmG2EyK7gNUd+c6RKGD0IfU8WdUSz8=
github.com/valyala/fasttemplate v1.0.1/go.mod h1:UQGH1tvbgY+Nz5t2n7tXsz52dQxojPUpymEIMZ47gx8=
github.com/xordataexchange/crypt v0.0.3-0.20170626215501-b2862e3d0a77/go.mod h1:aYKd//L2LvnjZzWKhF00oedf4jCCReLcmhLdhm1A27Q=
golang.org/x/crypto v0.0.0-20180505025534-4ec37c66abab/go.mod h1:6SG95UA2DQfeDnfUPMdvaQW0Q7yPrPDi9nlGo2tz2b4=
golang.org/x/crypto v0.0.0-20180904163835-0709b304e793/go.mod h1:6SG95UA2DQfeDnfUPMdvaQW0Q7yPrPDi9nlGo2tz2b4=
golang.org/x/crypto v0.0.0-20181203042331-505ab145d0a9/go.mod h1:6SG95UA2DQfeDnfUPMdvaQW0Q7yPrPDi9nlGo2tz2b4=
golang.org/x/crypto v0.0.0-20190123085648-057139ce5d2b/go.mod h1:6SG95UA2DQfeDnfUPMdvaQW0Q7yPrPDi9nlGo2tz2b4=
golang.org/x/crypto v0.0.0-20190308221718-c2843e01d9a2/go.mod h1:djNgcEr1/C05ACkg1iLfiJU5Ep61QUkGW8qpdssI0+w=
golang.org/x/crypto v0.0.0-20190325154230-a5d413f7728c h1:Vj5n4GlwjmQteupaxJ9+0FNOmBrHfq7vN4btdGoDZgI=
golang.org/x/crypto v0.0.0-20190325154230-a5d413f7728c/go.mod h1:djNgcEr1/C05ACkg1iLfiJU5Ep61QUkGW8qpdssI0+w=
golang.org/x/lint v0.0.0-20190313153728-d0100b6bd8b3 h1:XQyxROzUlZH+WIQwySDgnISgOivlhjIEwaQaJEJrrN0=
golang.org/x/lint v0.0.0-20190313153728-d0100b6bd8b3/go.mod h1:6SW0HCj/g11FgYtHlgUYUwCkIfeOF89ocIRzGO/8vkc=
golang.org/x/net v0.0.0-20170915142106-8351a756f30f/go.mod h1:mL1N/T3taQHkDXs73rZJwtUhF3w3ftmwwsq0BUmARs4=
golang.org/x/net v0.0.0-20180724234803-3673e40ba225/go.mod h1:mL1N/T3taQHkDXs73rZJwtUhF3w3ftmwwsq0BUmARs4=
golang.org/x/net v0.0.0-20180906233101-161cd47e91fd/go.mod h1:mL1N/T3taQHkDXs73rZJwtUhF3w3ftmwwsq0BUmARs4=
golang.org/x/net v0.0.0-20190108225652-1e06a53dbb7e/go.mod h1:mL1N/T3taQHkDXs73rZJwtUhF3w3ftmwwsq0BUmARs4=
golang.org/x/net v0.0.0-20190311183353-d8887717615a/go.mod h1:t9HGtf8HONx5eT2rtn7q6eTqICYqUVnKs3thJo3Qplg=
golang.org/x/net v0.0.0-20190327025741-74e053c68e29 h1:Dusi4CP1oOG/30kMl6U4C2CJe6nVkyxp4yHlMbBG99E=
golang.org/x/net v0.0.0-20190327025741-74e053c68e29/go.mod h1:t9HGtf8HONx5eT2rtn7q6eTqICYqUVnKs3thJo3Qplg=
golang.org/x/net v0.0.0-20190327214358-63eda1eb0650 h1:XCbwcsP09zrBt1aYht0fASw+ynbEpYr8NnCkIN9nMM0=
golang.org/x/net v0.0.0-20190327214358-63eda1eb0650/go.mod h1:t9HGtf8HONx5eT2rtn7q6eTqICYqUVnKs3thJo3Qplg=
golang.org/x/oauth2 v0.0.0-20190319182350-c85d3e98c914 h1:jIOcLT9BZzyJ9ce+IwwZ+aF9yeCqzrR+NrD68a/SHKw=
golang.org/x/oauth2 v0.0.0-20190319182350-c85d3e98c914/go.mod h1:gOpvHmFTYa4IltrdGE7lF6nIHvwfUNPOp7c8zoXwtLw=
golang.org/x/sync v0.0.0-20180314180146-1d60e4601c6f/go.mod h1:RxMgew5VJxzue5/jJTE5uejpjVlOe/izrB70Jof72aM=
golang.org/x/sync v0.0.0-20181221193216-37e7f081c4d4/go.mod h1:RxMgew5VJxzue5/jJTE5uejpjVlOe/izrB70Jof72aM=
golang.org/x/sync v0.0.0-20190227155943-e225da77a7e6 h1:bjcUS9ztw9kFmmIxJInhon/0Is3p+EHBKNgquIzo1OI=
golang.org/x/sync v0.0.0-20190227155943-e225da77a7e6/go.mod h1:RxMgew5VJxzue5/jJTE5uejpjVlOe/izrB70Jof72aM=
golang.org/x/sys v0.0.0-20171026204733-164713f0dfce/go.mod h1:STP8DvDyc/dI5b8T5hshtkjS+E42TnysNCUPdjciGhY=
golang.org/x/sys v0.0.0-20180606202747-9527bec2660b/go.mod h1:STP8DvDyc/dI5b8T5hshtkjS+E42TnysNCUPdjciGhY=
golang.org/x/sys v0.0.0-20180905080454-ebe1bf3edb33/go.mod h1:STP8DvDyc/dI5b8T5hshtkjS+E42TnysNCUPdjciGhY=
golang.org/x/sys v0.0.0-20180906133057-8cf3aee42992/go.mod h1:STP8DvDyc/dI5b8T5hshtkjS+E42TnysNCUPdjciGhY=
golang.org/x/sys v0.0.0-20180909124046-d0be0721c37e/go.mod h1:STP8DvDyc/dI5b8T5hshtkjS+E42TnysNCUPdjciGhY=
golang.org/x/sys v0.0.0-20181205085412-a5c9d58dba9a/go.mod h1:STP8DvDyc/dI5b8T5hshtkjS+E42TnysNCUPdjciGhY=
golang.org/x/sys v0.0.0-20190215142949-d0b11bdaac8a/go.mod h1:STP8DvDyc/dI5b8T5hshtkjS+E42TnysNCUPdjciGhY=
golang.org/x/sys v0.0.0-20190222072716-a9d3bda3a223 h1:DH4skfRX4EBpamg7iV4ZlCpblAHI6s6TDM39bFZumv8=
golang.org/x/sys v0.0.0-20190222072716-a9d3bda3a223/go.mod h1:STP8DvDyc/dI5b8T5hshtkjS+E42TnysNCUPdjciGhY=
golang.org/x/sys v0.0.0-20190322080309-f49334f85ddc h1:4gbWbmmPFp4ySWICouJl6emP0MyS31yy9SrTlAGFT+g=
golang.org/x/sys v0.0.0-20190322080309-f49334f85ddc/go.mod h1:h1NjWce9XRLGQEsW7wpKNCjG9DtNlClVuFLEZdDNbEs=
golang.org/x/text v0.0.0-20170915090833-1cbadb444a80/go.mod h1:NqM8EUOU14njkJ3fqMW+pc6Ldnwhi/IjpwHt7yyuwOQ=
golang.org/x/text v0.3.0 h1:g61tztE5qeGQ89tm6NTjjM9VPIm088od1l6aSorWRWg=
golang.org/x/text v0.3.0/go.mod h1:NqM8EUOU14njkJ3fqMW+pc6Ldnwhi/IjpwHt7yyuwOQ=
golang.org/x/tools v0.0.0-20170915040203-e531a2a1c15f/go.mod h1:n7NCudcB/nEzxVGmLbDWY5pfWTLqBcC2KZ6jyYvM4mQ=
golang.org/x/tools v0.0.0-20180221164845-07fd8470d635/go.mod h1:n7NCudcB/nEzxVGmLbDWY5pfWTLqBcC2KZ6jyYvM4mQ=
golang.org/x/tools v0.0.0-20181030221726-6c7e314b6563/go.mod h1:n7NCudcB/nEzxVGmLbDWY5pfWTLqBcC2KZ6jyYvM4mQ=
golang.org/x/tools v0.0.0-20181117154741-2ddaf7f79a09/go.mod h1:n7NCudcB/nEzxVGmLbDWY5pfWTLqBcC2KZ6jyYvM4mQ=
golang.org/x/tools v0.0.0-20181205014116-22934f0fdb62/go.mod h1:n7NCudcB/nEzxVGmLbDWY5pfWTLqBcC2KZ6jyYvM4mQ=
golang.org/x/tools v0.0.0-20190110163146-51295c7ec13a/go.mod h1:n7NCudcB/nEzxVGmLbDWY5pfWTLqBcC2KZ6jyYvM4mQ=
golang.org/x/tools v0.0.0-20190121143147-24cd39ecf745/go.mod h1:n7NCudcB/nEzxVGmLbDWY5pfWTLqBcC2KZ6jyYvM4mQ=
golang.org/x/tools v0.0.0-20190125232054-379209517ffe/go.mod h1:n7NCudcB/nEzxVGmLbDWY5pfWTLqBcC2KZ6jyYvM4mQ=
golang.org/x/tools v0.0.0-20190213192042-740235f6c0d8/go.mod h1:n7NCudcB/nEzxVGmLbDWY5pfWTLqBcC2KZ6jyYvM4mQ=
golang.org/x/tools v0.0.0-20190311212946-11955173bddd/go.mod h1:LCzVGOaR6xXOjkQ3onu1FJEFr0SW1gC7cKk1uF8kGRs=
golang.org/x/tools v0.0.0-20190327011446-79af862e6737 h1:aEQSysewJq5X0N9MzIyq6qGRAjsIh/V6MJtYQ1xydJ4=
golang.org/x/tools v0.0.0-20190327011446-79af862e6737/go.mod h1:LCzVGOaR6xXOjkQ3onu1FJEFr0SW1gC7cKk1uF8kGRs=
golang.org/x/tools v0.0.0-20190327201419-c70d86f8b7cf h1:++r/Kj1CfG42p6XntDItK1TfB5V6Vq/baDeKvV1q5gY=
golang.org/x/tools v0.0.0-20190327201419-c70d86f8b7cf/go.mod h1:LCzVGOaR6xXOjkQ3onu1FJEFr0SW1gC7cKk1uF8kGRs=
golang.org/x/tools v0.0.0-20190328030505-8f05a32dce9f h1:MC9ePo9/ITLPbt6QsoTD78Pg07by0QbfGLUQpkJ01QM=
golang.org/x/tools v0.0.0-20190328030505-8f05a32dce9f/go.mod h1:LCzVGOaR6xXOjkQ3onu1FJEFr0SW1gC7cKk1uF8kGRs=
google.golang.org/appengine v1.4.0/go.mod h1:xpcJRLb0r/rnEns0DIKYYv+WjYCduHsrkT7/EB5XEv4=
gopkg.in/AlecAivazis/survey.v1 v1.8.2 h1:168gU32e10Xm6NzttCL75XlCQF+nNh0VWuRU80u1GIw=
gopkg.in/AlecAivazis/survey.v1 v1.8.2/go.mod h1:iBNOmqKz/NUbZx3bA+4hAGLRC7fSK7tgtVDT4tB22XA=
gopkg.in/airbrake/gobrake.v2 v2.0.9/go.mod h1:/h5ZAUhDkGaJfjzjKLSjv6zCL6O0LLBxU4K+aSYdM/U=
gopkg.in/check.v1 v0.0.0-20161208181325-20d25e280405/go.mod h1:Co6ibVJAznAaIkqp8huTwlJQCZ016jof/cbN4VW5Yz0=
gopkg.in/check.v1 v1.0.0-20180628173108-788fd7840127/go.mod h1:Co6ibVJAznAaIkqp8huTwlJQCZ016jof/cbN4VW5Yz0=
gopkg.in/errgo.v2 v2.1.0/go.mod h1:hNsd1EY+bozCKY1Ytp96fpM3vjJbqLJn88ws8XvfDNI=
gopkg.in/fsnotify.v1 v1.4.7/go.mod h1:Tz8NjZHkW78fSQdbUxIjBTcgA1z1m8ZHf0WmKUhAMys=
gopkg.in/gemnasium/logrus-airbrake-hook.v2 v2.1.2/go.mod h1:Xk6kEKp8OKb+X14hQBKWaSkCsqBpgog8nAV2xsGOxlo=
gopkg.in/go-playground/validator.v9 v9.27.0 h1:wCg/0hk9RzcB0CYw8pYV6FiBYug1on0cpco9YZF8jqA=
gopkg.in/go-playground/validator.v9 v9.27.0/go.mod h1:+c9/zcJMFNgbLvly1L1V+PpxWdVbfP1avr/N00E2vyQ=
gopkg.in/kyokomi/emoji.v1 v1.5.1 h1:beetH5mWDMzFznJ+Qzd5KVHp79YKhVUMcdO8LpRLeGw=
gopkg.in/kyokomi/emoji.v1 v1.5.1/go.mod h1:N9AZ6hi1jHOPn34PsbpufQZUcKftSD7WgS2pgpmH4Lg=
gopkg.in/tomb.v1 v1.0.0-20141024135613-dd632973f1e7/go.mod h1:dt/ZhP58zS4L8KSrWDmTeBkI65Dw0HsyUHuEVlX15mw=
gopkg.in/yaml.v2 v2.0.0-20170812160011-eb3733d160e7/go.mod h1:JAlM8MvJe8wmxCU4Bli9HhUf9+ttbYbLASfIpnQbh74=
gopkg.in/yaml.v2 v2.2.1/go.mod h1:hI93XBmqTisBFMUTm0b8Fm+jr3Dg1NNxqwp+5A1VGuI=
gopkg.in/yaml.v2 v2.2.2 h1:ZCJp+EgiOT7lHqUV2J862kp8Qj64Jo6az82+3Td9dZw=
gopkg.in/yaml.v2 v2.2.2/go.mod h1:hI93XBmqTisBFMUTm0b8Fm+jr3Dg1NNxqwp+5A1VGuI=
mvdan.cc/interfacer v0.0.0-20180901003855-c20040233aed h1:WX1yoOaKQfddO/mLzdV4wptyWgoH/6hwLs7QHTixo0I=
mvdan.cc/interfacer v0.0.0-20180901003855-c20040233aed/go.mod h1:Xkxe497xwlCKkIaQYRfC7CSLworTXY9RMqwhhCm+8Nc=
mvdan.cc/lint v0.0.0-20170908181259-adc824a0674b h1:DxJ5nJdkhDlLok9K6qO+5290kphDJbHOQO1DFFFTeBo=
mvdan.cc/lint v0.0.0-20170908181259-adc824a0674b/go.mod h1:2odslEg/xrtNQqCYg2/jCoyKnw3vv5biOc3JnIcYfL4=
mvdan.cc/unparam v0.0.0-20190124213536-fbb59629db34/go.mod h1:H6SUd1XjIs+qQCyskXg5OFSrilMRUkD8ePJpHKDPaeY=
mvdan.cc/unparam v0.0.0-20190310220240-1b9ccfa71afe h1:Ekmnp+NcP2joadI9pbK4Bva87QKZSeY7le//oiMrc9g=
mvdan.cc/unparam v0.0.0-20190310220240-1b9ccfa71afe/go.mod h1:BnhuWBAqxH3+J5bDybdxgw5ZfS+DsVd4iylsKQePN8o=
sourcegraph.com/sourcegraph/go-diff v0.5.1-0.20190210232911-dee78e514455 h1:qoQ5Kt+Zm+GXBtz49YwD3juBhr/E0U25jO6bBzxW6NI=
sourcegraph.com/sourcegraph/go-diff v0.5.1-0.20190210232911-dee78e514455/go.mod h1:kuch7UrkMzY0X+p9CRK03kfuPQ2zzQcaEFbx8wA8rck=
sourcegraph.com/sqs/pbtypes v0.0.0-20180604144634-d3ebe8f20ae4/go.mod h1:ketZ/q3QxT9HOBeFhu6RdvsftgpsbFHBF5Cas6cDKZ0=
sourcegraph.com/sqs/pbtypes v1.0.0 h1:f7lAwqviDEGvON4kRv0o5V7FT/IQK+tbkF664XMbP3o=
sourcegraph.com/sqs/pbtypes v1.0.0/go.mod h1:3AciMUv4qUuRHRHhOG4TZOB+72GdPVz5k+c648qsFS4=
